
Microsoft Visual Studio Solution File, Format Version 12.00
# Visual Studio 2012
Project("{8BC9CEB8-8B4A-11D0-8D11-00A0C91BC942}") = "ACFan", "ACFan\ACFan.vcxproj", "{F6757E96-DEE1-44DF-8919-DFA07B8F7546}"
EndProject
Global
	GlobalSection(SolutionConfigurationPlatforms) = preSolution
		Debug|Win32 = Debug|Win32
		Release|Win32 = Release|Win32
	EndGlobalSection
	GlobalSection(ProjectConfigurationPlatforms) = postSolution
		{F6757E96-DEE1-44DF-8919-DFA07B8F7546}.Debug|Win32.ActiveCfg = Debug|Win32
		{F6757E96-DEE1-44DF-8919-DFA07B8F7546}.Debug|Win32.Build.0 = Debug|Win32
		{F6757E96-DEE1-44DF-8919-DFA07B8F7546}.Release|Win32.ActiveCfg = Release|Win32
		{F6757E96-DEE1-44DF-8919-DFA07B8F7546}.Release|Win32.Build.0 = Release|Win32
	EndGlobalSection
	GlobalSection(SolutionProperties) = preSolution
		HideSolutionNode = FALSE
	EndGlobalSection
EndGlobal
